
Microsoft Visual Studio Solution File, Format Version 12.00
# Visual Studio Version 17
VisualStudioVersion = 17.3.32811.315
MinimumVisualStudioVersion = 10.0.40219.1
Project("{FAE04EC0-301F-11D3-BF4B-00C04F79EFBC}") = "Ejercicios parte 1", "Ejercicios parte 1\Ejercicios parte 1.csproj", "{F5DFE2F9-3D38-4D71-9CBD-E54391982223}"
EndProject
Project("{FAE04EC0-301F-11D3-BF4B-00C04F79EFBC}") = "Ejercicios 2", "Ejercicios 2\Ejercicios 2.csproj", "{DFD0D557-7783-4F9B-84FB-C12F36224517}"
EndProject
Project("{FAE04EC0-301F-11D3-BF4B-00C04F79EFBC}") = "Ejercicio 3", "Ejercicio 3\Ejercicio 3.csproj", "{4924BADF-6C3F-40F5-B381-CAD2737DE1B2}"
EndProject
Global
	GlobalSection(SolutionConfigurationPlatforms) = preSolution
		Debug|Any CPU = Debug|Any CPU
		Release|Any CPU = Release|Any CPU
	EndGlobalSection
	GlobalSection(ProjectConfigurationPlatforms) = postSolution
		{F5DFE2F9-3D38-4D71-9CBD-E54391982223}.Debug|Any CPU.ActiveCfg = Debug|Any CPU
		{F5DFE2F9-3D38-4D71-9CBD-E54391982223}.Debug|Any CPU.Build.0 = Debug|Any CPU
		{F5DFE2F9-3D38-4D71-9CBD-E54391982223}.Release|Any CPU.ActiveCfg = Release|Any CPU
		{F5DFE2F9-3D38-4D71-9CBD-E54391982223}.Release|Any CPU.Build.0 = Release|Any CPU
		{DFD0D557-7783-4F9B-84FB-C12F36224517}.Debug|Any CPU.ActiveCfg = Debug|Any CPU
		{DFD0D557-7783-4F9B-84FB-C12F36224517}.Debug|Any CPU.Build.0 = Debug|Any CPU
		{DFD0D557-7783-4F9B-84FB-C12F36224517}.Release|Any CPU.ActiveCfg = Release|Any CPU
		{DFD0D557-7783-4F9B-84FB-C12F36224517}.Release|Any CPU.Build.0 = Release|Any CPU
		{4924BADF-6C3F-40F5-B381-CAD2737DE1B2}.Debug|Any CPU.ActiveCfg = Debug|Any CPU
		{4924BADF-6C3F-40F5-B381-CAD2737DE1B2}.Debug|Any CPU.Build.0 = Debug|Any CPU
		{4924BADF-6C3F-40F5-B381-CAD2737DE1B2}.Release|Any CPU.ActiveCfg = Release|Any CPU
		{4924BADF-6C3F-40F5-B381-CAD2737DE1B2}.Release|Any CPU.Build.0 = Release|Any CPU
	EndGlobalSection
	GlobalSection(SolutionProperties) = preSolution
		HideSolutionNode = FALSE
	EndGlobalSection
	GlobalSection(ExtensibilityGlobals) = postSolution
		SolutionGuid = {FB36AD05-B6E6-42B7-BCC4-E489A6BA610C}
	EndGlobalSection
EndGlobal
